
Microsoft Visual Studio Solution File, Format Version 12.00
# Visual Studio 14
VisualStudioVersion = 14.0.25420.1
MinimumVisualStudioVersion = 10.0.40219.1
Project("{262852C6-CD72-467D-83FE-5EEB1973A190}") = "CaseManager", "CaseManager\CaseManager.jsproj", "{9EDD4025-C0E8-422D-B408-55FE3B450489}"
EndProject
Project("{FAE04EC0-301F-11D3-BF4B-00C04F79EFBC}") = "CaseManager(Web)", "CaseManager(Web)\CaseManager(Web).csproj", "{BAE0C362-A487-4847-A3D0-ADACBD6B56E1}"
EndProject
Global
	GlobalSection(SolutionConfigurationPlatforms) = preSolution
		Debug|Any CPU = Debug|Any CPU
		Debug|ARM = Debug|ARM
		Debug|x64 = Debug|x64
		Debug|x86 = Debug|x86
		Release|Any CPU = Release|Any CPU
		Release|ARM = Release|ARM
		Release|x64 = Release|x64
		Release|x86 = Release|x86
	EndGlobalSection
	GlobalSection(ProjectConfigurationPlatforms) = postSolution
		{9EDD4025-C0E8-422D-B408-55FE3B450489}.Debug|Any CPU.ActiveCfg = Debug|Any CPU
		{9EDD4025-C0E8-422D-B408-55FE3B450489}.Debug|Any CPU.Build.0 = Debug|Any CPU
		{9EDD4025-C0E8-422D-B408-55FE3B450489}.Debug|Any CPU.Deploy.0 = Debug|Any CPU
		{9EDD4025-C0E8-422D-B408-55FE3B450489}.Debug|ARM.ActiveCfg = Debug|ARM
		{9EDD4025-C0E8-422D-B408-55FE3B450489}.Debug|ARM.Build.0 = Debug|ARM
		{9EDD4025-C0E8-422D-B408-55FE3B450489}.Debug|ARM.Deploy.0 = Debug|ARM
		{9EDD4025-C0E8-422D-B408-55FE3B450489}.Debug|x64.ActiveCfg = Debug|x64
		{9EDD4025-C0E8-422D-B408-55FE3B450489}.Debug|x64.Build.0 = Debug|x64
		{9EDD4025-C0E8-422D-B408-55FE3B450489}.Debug|x64.Deploy.0 = Debug|x64
		{9EDD4025-C0E8-422D-B408-55FE3B450489}.Debug|x86.ActiveCfg = Debug|x86
		{9EDD4025-C0E8-422D-B408-55FE3B450489}.Debug|x86.Build.0 = Debug|x86
		{9EDD4025-C0E8-422D-B408-55FE3B450489}.Debug|x86.Deploy.0 = Debug|x86
		{9EDD4025-C0E8-422D-B408-55FE3B450489}.Release|Any CPU.ActiveCfg = Release|Any CPU
		{9EDD4025-C0E8-422D-B408-55FE3B450489}.Release|Any CPU.Build.0 = Release|Any CPU
		{9EDD4025-C0E8-422D-B408-55FE3B450489}.Release|Any CPU.Deploy.0 = Release|Any CPU
		{9EDD4025-C0E8-422D-B408-55FE3B450489}.Release|ARM.ActiveCfg = Release|ARM
		{9EDD4025-C0E8-422D-B408-55FE3B450489}.Release|ARM.Build.0 = Release|ARM
		{9EDD4025-C0E8-422D-B408-55FE3B450489}.Release|ARM.Deploy.0 = Release|ARM
		{9EDD4025-C0E8-422D-B408-55FE3B450489}.Release|x64.ActiveCfg = Release|x64
		{9EDD4025-C0E8-422D-B408-55FE3B450489}.Release|x64.Build.0 = Release|x64
		{9EDD4025-C0E8-422D-B408-55FE3B450489}.Release|x64.Deploy.0 = Release|x64
		{9EDD4025-C0E8-422D-B408-55FE3B450489}.Release|x86.ActiveCfg = Release|x86
		{9EDD4025-C0E8-422D-B408-55FE3B450489}.Release|x86.Build.0 = Release|x86
		{9EDD4025-C0E8-422D-B408-55FE3B450489}.Release|x86.Deploy.0 = Release|x86
		{BAE0C362-A487-4847-A3D0-ADACBD6B56E1}.Debug|Any CPU.ActiveCfg = Debug|Any CPU
		{BAE0C362-A487-4847-A3D0-ADACBD6B56E1}.Debug|Any CPU.Build.0 = Debug|Any CPU
		{BAE0C362-A487-4847-A3D0-ADACBD6B56E1}.Debug|ARM.ActiveCfg = Debug|Any CPU
		{BAE0C362-A487-4847-A3D0-ADACBD6B56E1}.Debug|ARM.Build.0 = Debug|Any CPU
		{BAE0C362-A487-4847-A3D0-ADACBD6B56E1}.Debug|x64.ActiveCfg = Debug|Any CPU
		{BAE0C362-A487-4847-A3D0-ADACBD6B56E1}.Debug|x64.Build.0 = Debug|Any CPU
		{BAE0C362-A487-4847-A3D0-ADACBD6B56E1}.Debug|x86.ActiveCfg = Debug|Any CPU
		{BAE0C362-A487-4847-A3D0-ADACBD6B56E1}.Debug|x86.Build.0 = Debug|Any CPU
		{BAE0C362-A487-4847-A3D0-ADACBD6B56E1}.Release|Any CPU.ActiveCfg = Release|Any CPU
		{BAE0C362-A487-4847-A3D0-ADACBD6B56E1}.Release|Any CPU.Build.0 = Release|Any CPU
		{BAE0C362-A487-4847-A3D0-ADACBD6B56E1}.Release|ARM.ActiveCfg = Release|Any CPU
		{BAE0C362-A487-4847-A3D0-ADACBD6B56E1}.Release|ARM.Build.0 = Release|Any CPU
		{BAE0C362-A487-4847-A3D0-ADACBD6B56E1}.Release|x64.ActiveCfg = Release|Any CPU
		{BAE0C362-A487-4847-A3D0-ADACBD6B56E1}.Release|x64.Build.0 = Release|Any CPU
		{BAE0C362-A487-4847-A3D0-ADACBD6B56E1}.Release|x86.ActiveCfg = Release|Any CPU
		{BAE0C362-A487-4847-A3D0-ADACBD6B56E1}.Release|x86.Build.0 = Release|Any CPU
	EndGlobalSection
	GlobalSection(SolutionProperties) = preSolution
		HideSolutionNode = FALSE
	EndGlobalSection
EndGlobal
